
Microsoft Visual Studio Solution File, Format Version 12.00
# Visual Studio Version 17
VisualStudioVersion = 17.7.34024.191
MinimumVisualStudioVersion = 10.0.40219.1
Project("{FAE04EC0-301F-11D3-BF4B-00C04F79EFBC}") = "Injector", "Injector.csproj", "{7C6C31D0-4FB7-4346-9D98-DF2A7E39DF14}"
EndProject
Global
	GlobalSection(SolutionConfigurationPlatforms) = preSolution
		Debug|Any CPU = Debug|Any CPU
		Release|Any CPU = Release|Any CPU
	EndGlobalSection
	GlobalSection(ProjectConfigurationPlatforms) = postSolution
		{7C6C31D0-4FB7-4346-9D98-DF2A7E39DF14}.Debug|Any CPU.ActiveCfg = Debug|Any CPU
		{7C6C31D0-4FB7-4346-9D98-DF2A7E39DF14}.Debug|Any CPU.Build.0 = Debug|Any CPU
		{7C6C31D0-4FB7-4346-9D98-DF2A7E39DF14}.Release|Any CPU.ActiveCfg = Release|Any CPU
		{7C6C31D0-4FB7-4346-9D98-DF2A7E39DF14}.Release|Any CPU.Build.0 = Release|Any CPU
	EndGlobalSection
	GlobalSection(SolutionProperties) = preSolution
		HideSolutionNode = FALSE
	EndGlobalSection
	GlobalSection(ExtensibilityGlobals) = postSolution
		SolutionGuid = {BC1329C0-3B19-4F0D-A54D-5FA374FFFAFA}
	EndGlobalSection
EndGlobal
